
Microsoft Visual Studio Solution File, Format Version 12.00
# Visual Studio Version 16
VisualStudioVersion = 16.0.29215.179
MinimumVisualStudioVersion = 10.0.40219.1
Project("{FAE04EC0-301F-11D3-BF4B-00C04F79EFBC}") = "shirt-markdown", "shirt-markdown.csproj", "{209988D5-3900-487B-99DA-463690D1DFE0}"
EndProject
Global
	GlobalSection(SolutionConfigurationPlatforms) = preSolution
		Debug|Any CPU = Debug|Any CPU
		Release|Any CPU = Release|Any CPU
	EndGlobalSection
	GlobalSection(ProjectConfigurationPlatforms) = postSolution
		{209988D5-3900-487B-99DA-463690D1DFE0}.Debug|Any CPU.ActiveCfg = Debug|Any CPU
		{209988D5-3900-487B-99DA-463690D1DFE0}.Debug|Any CPU.Build.0 = Debug|Any CPU
		{209988D5-3900-487B-99DA-463690D1DFE0}.Release|Any CPU.ActiveCfg = Release|Any CPU
		{209988D5-3900-487B-99DA-463690D1DFE0}.Release|Any CPU.Build.0 = Release|Any CPU
	EndGlobalSection
	GlobalSection(SolutionProperties) = preSolution
		HideSolutionNode = FALSE
	EndGlobalSection
	GlobalSection(ExtensibilityGlobals) = postSolution
		SolutionGuid = {04DA85B4-15ED-4839-83B4-515846D1B1F7}
	EndGlobalSection
EndGlobal
